// !$*UTF8*$!
{
	archiveVersion = 1;
	classes = {
	};
	objectVersion = 46;
	objects = {

/* Begin PBXBuildFile section */
		EB58796A1D98EADF00A1611E /* AppDelegate.swift in Sources */ = {isa = PBXBuildFile; fileRef = EB5879691D98EADF00A1611E /* AppDelegate.swift */; };
		EB58796C1D98EADF00A1611E /* ViewController.swift in Sources */ = {isa = PBXBuildFile; fileRef = EB58796B1D98EADF00A1611E /* ViewController.swift */; };
		EB58796F1D98EADF00A1611E /* Main.storyboard in Resources */ = {isa = PBXBuildFile; fileRef = EB58796D1D98EADF00A1611E /* Main.storyboard */; };
		EB5879711D98EADF00A1611E /* Assets.xcassets in Resources */ = {isa = PBXBuildFile; fileRef = EB5879701D98EADF00A1611E /* Assets.xcassets */; };
		EB5879741D98EADF00A1611E /* LaunchScreen.storyboard in Resources */ = {isa = PBXBuildFile; fileRef = EB5879721D98EADF00A1611E /* LaunchScreen.storyboard */; };
		EB58797C1D98F69300A1611E /* twoViewController.swift in Sources */ = {isa = PBXBuildFile; fileRef = EB58797B1D98F69300A1611E /* twoViewController.swift */; };
		EB58797E1D99081900A1611E /* threeViewController.swift in Sources */ = {isa = PBXBuildFile; fileRef = EB58797D1D99081900A1611E /* threeViewController.swift */; };
		EB5879801D9912B900A1611E /* PhotoBrowserAnimator.swift in Sources */ = {isa = PBXBuildFile; fileRef = EB58797F1D9912B900A1611E /* PhotoBrowserAnimator.swift */; };
/* End PBXBuildFile section */

/* Begin PBXFileReference section */
		EB5879661D98EADE00A1611E /* Transition.app */ = {isa = PBXFileReference; explicitFileType = wrapper.application; includeInIndex = 0; path = Transition.app; sourceTree = BUILT_PRODUCTS_DIR; };
		EB5879691D98EADF00A1611E /* AppDelegate.swift */ = {isa = PBXFileReference; lastKnownFileType = sourcecode.swift; path = AppDelegate.swift; sourceTree = "<group>"; };
		EB58796B1D98EADF00A1611E /* ViewController.swift */ = {isa = PBXFileReference; lastKnownFileType = sourcecode.swift; path = ViewController.swift; sourceTree = "<group>"; };
		EB58796E1D98EADF00A1611E /* Base */ = {isa = PBXFileReference; lastKnownFileType = file.storyboard; name = Base; path = Base.lproj/Main.storyboard; sourceTree = "<group>"; };
		EB5879701D98EADF00A1611E /* Assets.xcassets */ = {isa = PBXFileReference; lastKnownFileType = folder.assetcatalog; path = Assets.xcassets; sourceTree = "<group>"; };
		EB5879731D98EADF00A1611E /* Base */ = {isa = PBXFileReference; lastKnownFileType = file.storyboard; name = Base; path = Base.lproj/LaunchScreen.storyboard; sourceTree = "<group>"; };
		EB5879751D98EADF00A1611E /* Info.plist */ = {isa = PBXFileReference; lastKnownFileType = text.plist.xml; path = Info.plist; sourceTree = "<group>"; };
		EB58797B1D98F69300A1611E /* twoViewController.swift */ = {isa = PBXFileReference; fileEncoding = 4; lastKnownFileType = sourcecode.swift; path = twoViewController.swift; sourceTree = "<group>"; };
		EB58797D1D99081900A1611E /* threeViewController.swift */ = {isa = PBXFileReference; fileEncoding = 4; lastKnownFileType = sourcecode.swift; path = threeViewController.swift; sourceTree = "<group>"; };
		EB58797F1D9912B900A1611E /* PhotoBrowserAnimator.swift */ = {isa = PBXFileReference; fileEncoding = 4; lastKnownFileType = sourcecode.swift; path = PhotoBrowserAnimator.swift; sourceTree = "<group>"; };
/* End PBXFileReference section */

/* Begin PBXFrameworksBuildPhase section */
		EB5879631D98EADE00A1611E /* Frameworks */ = {
			isa = PBXFrameworksBuildPhase;
			buildActionMask = 2147483647;
			files = (
			);
			runOnlyForDeploymentPostprocessing = 0;
		};
/* End PBXFrameworksBuildPhase section */

/* Begin PBXGroup section */
		EB58795D1D98EADE00A1611E = {
			isa = PBXGroup;
			children = (
				EB5879681D98EADE00A1611E /* Transition */,
				EB5879671D98EADE00A1611E /* Products */,
			);
			sourceTree = "<group>";
		};
		EB5879671D98EADE00A1611E /* Products */ = {
			isa = PBXGroup;
			children = (
				EB5879661D98EADE00A1611E /* Transition.app */,
			);
			name = Products;
			sourceTree = "<group>";
		};
		EB5879681D98EADE00A1611E /* Transition */ = {
			isa = PBXGroup;
			children = (
				EB5879691D98EADF00A1611E /* AppDelegate.swift */,
				EB58796B1D98EADF00A1611E /* ViewController.swift */,
				EB58796D1D98EADF00A1611E /* Main.storyboard */,
				EB5879701D98EADF00A1611E /* Assets.xcassets */,
				EB5879721D98EADF00A1611E /* LaunchScreen.storyboard */,
				EB5879751D98EADF00A1611E /* Info.plist */,
				EB58797B1D98F69300A1611E /* twoViewController.swift */,
				EB58797D1D99081900A1611E /* threeViewController.swift */,
				EB58797F1D9912B900A1611E /* PhotoBrowserAnimator.swift */,
			);
			path = Transition;
			sourceTree = "<group>";
		};
/* End PBXGroup section */

/* Begin PBXNativeTarget section */
		EB5879651D98EADE00A1611E /* Transition */ = {
			isa = PBXNativeTarget;
			buildConfigurationList = EB5879781D98EADF00A1611E /* Build configuration list for PBXNativeTarget "Transition" */;
			buildPhases = (
				EB5879621D98EADE00A1611E /* Sources */,
				EB5879631D98EADE00A1611E /* Frameworks */,
				EB5879641D98EADE00A1611E /* Resources */,
			);
			buildRules = (
			);
			dependencies = (
			);
			name = Transition;
			productName = Transition;
			productReference = EB5879661D98EADE00A1611E /* Transition.app */;
			productType = "com.apple.product-type.application";
		};
/* End PBXNativeTarget section */

/* Begin PBXProject section */
		EB58795E1D98EADE00A1611E /* Project object */ = {
			isa = PBXProject;
			attributes = {
				LastSwiftUpdateCheck = 0800;
				LastUpgradeCheck = 0800;
				ORGANIZATIONNAME = joker;
				TargetAttributes = {
					EB5879651D98EADE00A1611E = {
						CreatedOnToolsVersion = 8.0;
						DevelopmentTeam = ZWZANXUM79;
						ProvisioningStyle = Automatic;
					};
				};
			};
			buildConfigurationList = EB5879611D98EADE00A1611E /* Build configuration list for PBXProject "Transition" */;
			compatibilityVersion = "Xcode 3.2";
			developmentRegion = English;
			hasScannedForEncodings = 0;
			knownRegions = (
				en,
				Base,
			);
			mainGroup = EB58795D1D98EADE00A1611E;
			productRefGroup = EB5879671D98EADE00A1611E /* Products */;
			projectDirPath = "";
			projectRoot = "";
			targets = (
				EB5879651D98EADE00A1611E /* Transition */,
			);
		};
/* End PBXProject section */

/* Begin PBXResourcesBuildPhase section */
		EB5879641D98EADE00A1611E /* Resources */ = {
			isa = PBXResourcesBuildPhase;
			buildActionMask = 2147483647;
			files = (
				EB5879741D98EADF00A1611E /* LaunchScreen.storyboard in Resources */,
				EB5879711D98EADF00A1611E /* Assets.xcassets in Resources */,
				EB58796F1D98EADF00A1611E /* Main.storyboard in Resources */,
			);
			runOnlyForDeploymentPostprocessing = 0;
		};
/* End PBXResourcesBuildPhase section */

/* Begin PBXSourcesBuildPhase section */
		EB5879621D98EADE00A1611E /* Sources */ = {
			isa = PBXSourcesBuildPhase;
			buildActionMask = 2147483647;
			files = (
				EB58796C1D98EADF00A1611E /* ViewController.swift in Sources */,
				EB58797C1D98F69300A1611E /* twoViewController.swift in Sources */,
				EB5879801D9912B900A1611E /* PhotoBrowserAnimator.swift in Sources */,
				EB58796A1D98EADF00A1611E /* AppDelegate.swift in Sources */,
				EB58797E1D99081900A1611E /* threeViewController.swift in Sources */,
			);
			runOnlyForDeploymentPostprocessing = 0;
		};
/* End PBXSourcesBuildPhase section */

/* Begin PBXVariantGroup section */
		EB58796D1D98EADF00A1611E /* Main.storyboard */ = {
			isa = PBXVariantGroup;
			children = (
				EB58796E1D98EADF00A1611E /* Base */,
			);
			name = Main.storyboard;
			sourceTree = "<group>";
		};
		EB5879721D98EADF00A1611E /* LaunchScreen.storyboard */ = {
			isa = PBXVariantGroup;
			children = (
				EB5879731D98EADF00A1611E /* Base */,
			);
			name = LaunchScreen.storyboard;
			sourceTree = "<group>";
		};
/* End PBXVariantGroup section */

/* Begin XCBuildConfiguration section */
		EB5879761D98EADF00A1611E /* Debug */ = {
			isa = XCBuildConfiguration;
			buildSettings = {
				ALWAYS_SEARCH_USER_PATHS = NO;
				CLANG_ANALYZER_NONNULL = YES;
				CLANG_CXX_LANGUAGE_STANDARD = "gnu++0x";
				CLANG_CXX_LIBRARY = "libc++";
				CLANG_ENABLE_MODULES = YES;
				CLANG_ENABLE_OBJC_ARC = YES;
				CLANG_WARN_BOOL_CONVERSION = YES;
				CLANG_WARN_CONSTANT_CONVERSION = YES;
				CLANG_WARN_DIRECT_OBJC_ISA_USAGE = YES_ERROR;
				CLANG_WARN_DOCUMENTATION_COMMENTS = YES;
				CLANG_WARN_EMPTY_BODY = YES;
				CLANG_WARN_ENUM_CONVERSION = YES;
				CLANG_WARN_INFINITE_RECURSION = YES;
				CLANG_WARN_INT_CONVERSION = YES;
				CLANG_WARN_OBJC_ROOT_CLASS = YES_ERROR;
				CLANG_WARN_SUSPICIOUS_MOVES = YES;
				CLANG_WARN_UNREACHABLE_CODE = YES;
				CLANG_WARN__DUPLICATE_METHOD_MATCH = YES;
				"CODE_SIGN_IDENTITY[sdk=iphoneos*]" = "iPhone Developer";
				COPY_PHASE_STRIP = NO;
				DEBUG_INFORMATION_FORMAT = dwarf;
				ENABLE_STRICT_OBJC_MSGSEND = YES;
				ENABLE_TESTABILITY = YES;
				GCC_C_LANGUAGE_STANDARD = gnu99;
				GCC_DYNAMIC_NO_PIC = NO;
				GCC_NO_COMMON_BLOCKS = YES;
				GCC_OPTIMIZATION_LEVEL = 0;
				GCC_PREPROCESSOR_DEFINITIONS = (
					"DEBUG=1",
					"$(inherited)",
				);
				GCC_WARN_64_TO_32_BIT_CONVERSION = YES;
				GCC_WARN_ABOUT_RETURN_TYPE = YES_ERROR;
				GCC_WARN_UNDECLARED_SELECTOR = YES;
				GCC_WARN_UNINITIALIZED_AUTOS = YES_AGGRESSIVE;
				GCC_WARN_UNUSED_FUNCTION = YES;
				GCC_WARN_UNUSED_VARIABLE = YES;
				IPHONEOS_DEPLOYMENT_TARGET = 10.0;
				MTL_ENABLE_DEBUG_INFO = YES;
				ONLY_ACTIVE_ARCH = YES;
				SDKROOT = iphoneos;
				SWIFT_ACTIVE_COMPILATION_CONDITIONS = DEBUG;
				SWIFT_OPTIMIZATION_LEVEL = "-Onone";
			};
			name = Debug;
		};
		EB5879771D98EADF00A1611E /* Release */ = {
			isa = XCBuildConfiguration;
			buildSettings = {
				ALWAYS_SEARCH_USER_PATHS = NO;
				CLANG_ANALYZER_NONNULL = YES;
				CLANG_CXX_LANGUAGE_STANDARD = "gnu++0x";
				CLANG_CXX_LIBRARY = "libc++";
				CLANG_ENABLE_MODULES = YES;
				CLANG_ENABLE_OBJC_ARC = YES;
				CLANG_WARN_BOOL_CONVERSION = YES;
				CLANG_WARN_CONSTANT_CONVERSION = YES;
				CLANG_WARN_DIRECT_OBJC_ISA_USAGE = YES_ERROR;
				CLANG_WARN_DOCUMENTATION_COMMENTS = YES;
				CLANG_WARN_EMPTY_BODY = YES;
				CLANG_WARN_ENUM_CONVERSION = YES;
				CLANG_WARN_INFINITE_RECURSION = YES;
				CLANG_WARN_INT_CONVERSION = YES;
				CLANG_WARN_OBJC_ROOT_CLASS = YES_ERROR;
				CLANG_WARN_SUSPICIOUS_MOVES = YES;
				CLANG_WARN_UNREACHABLE_CODE = YES;
				CLANG_WARN__DUPLICATE_METHOD_MATCH = YES;
				"CODE_SIGN_IDENTITY[sdk=iphoneos*]" = "iPhone Developer";
				COPY_PHASE_STRIP = NO;
				DEBUG_INFORMATION_FORMAT = "dwarf-with-dsym";
				ENABLE_NS_ASSERTIONS = NO;
				ENABLE_STRICT_OBJC_MSGSEND = YES;
				GCC_C_LANGUAGE_STANDARD = gnu99;
				GCC_NO_COMMON_BLOCKS = YES;
				GCC_WARN_64_TO_32_BIT_CONVERSION = YES;
				GCC_WARN_ABOUT_RETURN_TYPE = YES_ERROR;
				GCC_WARN_UNDECLARED_SELECTOR = YES;
				GCC_WARN_UNINITIALIZED_AUTOS = YES_AGGRESSIVE;
				GCC_WARN_UNUSED_FUNCTION = YES;
				GCC_WARN_UNUSED_VARIABLE = YES;
				IPHONEOS_DEPLOYMENT_TARGET = 10.0;
				MTL_ENABLE_DEBUG_INFO = NO;
				SDKROOT = iphoneos;
				SWIFT_OPTIMIZATION_LEVEL = "-Owholemodule";
				VALIDATE_PRODUCT = YES;
			};
			name = Release;
		};
		EB5879791D98EADF00A1611E /* Debug */ = {
			isa = XCBuildConfiguration;
			buildSettings = {
				ASSETCATALOG_COMPILER_APPICON_NAME = AppIcon;
				DEVELOPMENT_TEAM = ZWZANXUM79;
				INFOPLIST_FILE = Transition/Info.plist;
				LD_RUNPATH_SEARCH_PATHS = "$(inherited) @executable_path/Frameworks";
				PRODUCT_BUNDLE_IDENTIFIER = "com.iOS-swift.20160422.learn.Transition";
				PRODUCT_NAME = "$(TARGET_NAME)";
				SWIFT_VERSION = 3.0;
			};
			name = Debug;
		};
		EB58797A1D98EADF00A1611E /* Release */ = {
			isa = XCBuildConfiguration;
			buildSettings = {
				ASSETCATALOG_COMPILER_APPICON_NAME = AppIcon;
				DEVELOPMENT_TEAM = ZWZANXUM79;
				INFOPLIST_FILE = Transition/Info.plist;
				LD_RUNPATH_SEARCH_PATHS = "$(inherited) @executable_path/Frameworks";
				PRODUCT_BUNDLE_IDENTIFIER = "com.iOS-swift.20160422.learn.Transition";
				PRODUCT_NAME = "$(TARGET_NAME)";
				SWIFT_VERSION = 3.0;
			};
			name = Release;
		};
/* End XCBuildConfiguration section */

/* Begin XCConfigurationList section */
		EB5879611D98EADE00A1611E /* Build configuration list for PBXProject "Transition" */ = {
			isa = XCConfigurationList;
			buildConfigurations = (
				EB5879761D98EADF00A1611E /* Debug */,
				EB5879771D98EADF00A1611E /* Release */,
			);
			defaultConfigurationIsVisible = 0;
			defaultConfigurationName = Release;
		};
		EB5879781D98EADF00A1611E /* Build configuration list for PBXNativeTarget "Transition" */ = {
			isa = XCConfigurationList;
			buildConfigurations = (
				EB5879791D98EADF00A1611E /* Debug */,
				EB58797A1D98EADF00A1611E /* Release */,
			);
			defaultConfigurationIsVisible = 0;
		};
/* End XCConfigurationList section */
	};
	rootObject = EB58795E1D98EADE00A1611E /* Project object */;
}
